
Microsoft Visual Studio Solution File, Format Version 12.00
# Visual Studio Version 16
VisualStudioVersion = 25.0.1706.11
MinimumVisualStudioVersion = 10.0.40219.1
Project("{FAE04EC0-301F-11D3-BF4B-00C04F79EFBC}") = "MeethourExample-Asp", "MeethourExample-Asp.csproj", "{02CF161A-E211-497A-BA97-F3EB9803D10C}"
EndProject
Global
	GlobalSection(SolutionConfigurationPlatforms) = preSolution
		Debug|Any CPU = Debug|Any CPU
		Release|Any CPU = Release|Any CPU
	EndGlobalSection
	GlobalSection(ProjectConfigurationPlatforms) = postSolution
		{02CF161A-E211-497A-BA97-F3EB9803D10C}.Debug|Any CPU.ActiveCfg = Debug|Any CPU
		{02CF161A-E211-497A-BA97-F3EB9803D10C}.Debug|Any CPU.Build.0 = Debug|Any CPU
		{02CF161A-E211-497A-BA97-F3EB9803D10C}.Release|Any CPU.ActiveCfg = Release|Any CPU
		{02CF161A-E211-497A-BA97-F3EB9803D10C}.Release|Any CPU.Build.0 = Release|Any CPU
	EndGlobalSection
	GlobalSection(SolutionProperties) = preSolution
		HideSolutionNode = FALSE
	EndGlobalSection
	GlobalSection(ExtensibilityGlobals) = postSolution
		SolutionGuid = {1782DB30-1908-44FE-A7A2-36A21A0B1F18}
	EndGlobalSection
EndGlobal
