PODS:
  - Flutter (1.0.0)
  - meet_hour (0.0.1):
    - Flutter
    - MeetHourSDK (= 4.0.1)
  - MeetHourSDK (4.0.1)

DEPENDENCIES:
  - Flutter (from `Flutter`)
  - meet_hour (from `.symlinks/plugins/meet_hour/ios`)

SPEC REPOS:
  trunk:
    - MeetHourSDK

EXTERNAL SOURCES:
  Flutter:
    :path: Flutter
  meet_hour:
    :path: ".symlinks/plugins/meet_hour/ios"

SPEC CHECKSUMS:
  Flutter: 50d75fe2f02b26cc09d224853bb45737f8b3214a
  meet_hour: 552b096423c02c83c8e129ae4aee3a4ceabecd93
  MeetHourSDK: 5f013eb884ab8ea0ce13984eae4ab95959168c05

PODFILE CHECKSUM: a26cfb8acd7d8e66ffae7e19f0dc78ed0ddd3d1d

COCOAPODS: 1.11.3
