PODS:
  - Flutter (1.0.0)
  - meet_hour (0.0.1):
    - Flutter
    - MeetHourSDK (= 4.1.0)
  - MeetHourSDK (4.1.0)

DEPENDENCIES:
  - Flutter (from `Flutter`)
  - meet_hour (from `.symlinks/plugins/meet_hour/ios`)

SPEC REPOS:
  trunk:
    - MeetHourSDK

EXTERNAL SOURCES:
  Flutter:
    :path: Flutter
  meet_hour:
    :path: ".symlinks/plugins/meet_hour/ios"

SPEC CHECKSUMS:
  Flutter: f04841e97a9d0b0a8025694d0796dd46242b2854
  meet_hour: bda4f38db2d5deeb76be054dac8f10f8f86ec052
  MeetHourSDK: 4f0a1df08eecc79bc00d0713d822ceea80fda680

PODFILE CHECKSUM: a26cfb8acd7d8e66ffae7e19f0dc78ed0ddd3d1d

COCOAPODS: 1.11.3
