PODS:
  - Flutter (1.0.0)
  - meet_hour (0.0.1):
    - Flutter
    - MeetHourSDK (= 3.6.4)
  - MeetHourSDK (3.6.4)

DEPENDENCIES:
  - Flutter (from `Flutter`)
  - meet_hour (from `.symlinks/plugins/meet_hour/ios`)

SPEC REPOS:
  trunk:
    - MeetHourSDK

EXTERNAL SOURCES:
  Flutter:
    :path: Flutter
  meet_hour:
    :path: ".symlinks/plugins/meet_hour/ios"

SPEC CHECKSUMS:
  Flutter: 50d75fe2f02b26cc09d224853bb45737f8b3214a
  meet_hour: 4ba3340ba686700dcaf2a61682aeac3b6a4f30ea
  MeetHourSDK: ab0774d2294045fe5cdc1085a2dc1857ae36d122

PODFILE CHECKSUM: a26cfb8acd7d8e66ffae7e19f0dc78ed0ddd3d1d

COCOAPODS: 1.11.3
