// !$*UTF8*$!
{
	archiveVersion = 1;
	classes = {
	};
	objectVersion = 51;
	objects = {

/* Begin PBXBuildFile section */
		0DA275B1FB854AB9D2CB576F /* Pods_MeetHourSDKTest.framework in Frameworks */ = {isa = PBXBuildFile; fileRef = 88E98BDF4A15A4B374F42B65 /* Pods_MeetHourSDKTest.framework */; };
		691F5F8D266A1F240044FC61 /* ReplayKit.framework in Frameworks */ = {isa = PBXBuildFile; fileRef = 691F5F8C266A1F240044FC61 /* ReplayKit.framework */; };
		691F5F91266A1F240044FC61 /* SampleHandler.m in Sources */ = {isa = PBXBuildFile; fileRef = 691F5F90266A1F240044FC61 /* SampleHandler.m */; };
		691F5F95266A1F240044FC61 /* MeetHour Broadcast Extension.appex in Embed App Extensions */ = {isa = PBXBuildFile; fileRef = 691F5F8B266A1F240044FC61 /* MeetHour Broadcast Extension.appex */; settings = {ATTRIBUTES = (RemoveHeadersOnCopy, ); }; };
		691F5FA2266A1F9B0044FC61 /* SampleUploader.m in Sources */ = {isa = PBXBuildFile; fileRef = 691F5F9C266A1F9B0044FC61 /* SampleUploader.m */; };
		691F5FA3266A1F9B0044FC61 /* DarwinNotificationCenter.m in Sources */ = {isa = PBXBuildFile; fileRef = 691F5F9D266A1F9B0044FC61 /* DarwinNotificationCenter.m */; };
		691F5FA4266A1F9B0044FC61 /* SocketConnection.m in Sources */ = {isa = PBXBuildFile; fileRef = 691F5FA0266A1F9B0044FC61 /* SocketConnection.m */; };
		69C26C3A2669FF4B00E4A0B0 /* AppDelegate.swift in Sources */ = {isa = PBXBuildFile; fileRef = 69C26C392669FF4B00E4A0B0 /* AppDelegate.swift */; };
		69C26C3E2669FF4B00E4A0B0 /* ViewController.swift in Sources */ = {isa = PBXBuildFile; fileRef = 69C26C3D2669FF4B00E4A0B0 /* ViewController.swift */; };
		69C26C412669FF4B00E4A0B0 /* Main.storyboard in Resources */ = {isa = PBXBuildFile; fileRef = 69C26C3F2669FF4B00E4A0B0 /* Main.storyboard */; };
		69C26C432669FF4C00E4A0B0 /* Assets.xcassets in Resources */ = {isa = PBXBuildFile; fileRef = 69C26C422669FF4C00E4A0B0 /* Assets.xcassets */; };
		69C26C462669FF4C00E4A0B0 /* LaunchScreen.storyboard in Resources */ = {isa = PBXBuildFile; fileRef = 69C26C442669FF4C00E4A0B0 /* LaunchScreen.storyboard */; };
/* End PBXBuildFile section */

/* Begin PBXContainerItemProxy section */
		691F5F93266A1F240044FC61 /* PBXContainerItemProxy */ = {
			isa = PBXContainerItemProxy;
			containerPortal = 69C26C2E2669FF4B00E4A0B0 /* Project object */;
			proxyType = 1;
			remoteGlobalIDString = 691F5F8A266A1F240044FC61;
			remoteInfo = "MeetHour Broadcast Extension";
		};
/* End PBXContainerItemProxy section */

/* Begin PBXCopyFilesBuildPhase section */
		691F5F96266A1F240044FC61 /* Embed App Extensions */ = {
			isa = PBXCopyFilesBuildPhase;
			buildActionMask = 2147483647;
			dstPath = "";
			dstSubfolderSpec = 13;
			files = (
				691F5F95266A1F240044FC61 /* MeetHour Broadcast Extension.appex in Embed App Extensions */,
			);
			name = "Embed App Extensions";
			runOnlyForDeploymentPostprocessing = 0;
		};
/* End PBXCopyFilesBuildPhase section */

/* Begin PBXFileReference section */
		56A6A84D259E59BEED8FC19B /* Pods-MeetHourSDKTest.release.xcconfig */ = {isa = PBXFileReference; includeInIndex = 1; lastKnownFileType = text.xcconfig; name = "Pods-MeetHourSDKTest.release.xcconfig"; path = "Target Support Files/Pods-MeetHourSDKTest/Pods-MeetHourSDKTest.release.xcconfig"; sourceTree = "<group>"; };
		691F5F8B266A1F240044FC61 /* MeetHour Broadcast Extension.appex */ = {isa = PBXFileReference; explicitFileType = "wrapper.app-extension"; includeInIndex = 0; path = "MeetHour Broadcast Extension.appex"; sourceTree = BUILT_PRODUCTS_DIR; };
		691F5F8C266A1F240044FC61 /* ReplayKit.framework */ = {isa = PBXFileReference; lastKnownFileType = wrapper.framework; name = ReplayKit.framework; path = System/Library/Frameworks/ReplayKit.framework; sourceTree = SDKROOT; };
		691F5F8F266A1F240044FC61 /* SampleHandler.h */ = {isa = PBXFileReference; lastKnownFileType = sourcecode.c.h; path = SampleHandler.h; sourceTree = "<group>"; };
		691F5F90266A1F240044FC61 /* SampleHandler.m */ = {isa = PBXFileReference; lastKnownFileType = sourcecode.c.objc; path = SampleHandler.m; sourceTree = "<group>"; };
		691F5F92266A1F240044FC61 /* Info.plist */ = {isa = PBXFileReference; lastKnownFileType = text.plist.xml; path = Info.plist; sourceTree = "<group>"; };
		691F5F9A266A1F4F0044FC61 /* MeetHourSDKTest.entitlements */ = {isa = PBXFileReference; lastKnownFileType = text.plist.entitlements; path = MeetHourSDKTest.entitlements; sourceTree = "<group>"; };
		691F5F9B266A1F5C0044FC61 /* MeetHour Broadcast Extension.entitlements */ = {isa = PBXFileReference; lastKnownFileType = text.plist.entitlements; path = "MeetHour Broadcast Extension.entitlements"; sourceTree = "<group>"; };
		691F5F9C266A1F9B0044FC61 /* SampleUploader.m */ = {isa = PBXFileReference; fileEncoding = 4; lastKnownFileType = sourcecode.c.objc; path = SampleUploader.m; sourceTree = "<group>"; };
		691F5F9D266A1F9B0044FC61 /* DarwinNotificationCenter.m */ = {isa = PBXFileReference; fileEncoding = 4; lastKnownFileType = sourcecode.c.objc; path = DarwinNotificationCenter.m; sourceTree = "<group>"; };
		691F5F9E266A1F9B0044FC61 /* DarwinNotificationCenter.h */ = {isa = PBXFileReference; fileEncoding = 4; lastKnownFileType = sourcecode.c.h; path = DarwinNotificationCenter.h; sourceTree = "<group>"; };
		691F5F9F266A1F9B0044FC61 /* SocketConnection.h */ = {isa = PBXFileReference; fileEncoding = 4; lastKnownFileType = sourcecode.c.h; path = SocketConnection.h; sourceTree = "<group>"; };
		691F5FA0266A1F9B0044FC61 /* SocketConnection.m */ = {isa = PBXFileReference; fileEncoding = 4; lastKnownFileType = sourcecode.c.objc; path = SocketConnection.m; sourceTree = "<group>"; };
		691F5FA1266A1F9B0044FC61 /* SampleUploader.h */ = {isa = PBXFileReference; fileEncoding = 4; lastKnownFileType = sourcecode.c.h; path = SampleUploader.h; sourceTree = "<group>"; };
		69C26C362669FF4B00E4A0B0 /* MeetHourSDKTest.app */ = {isa = PBXFileReference; explicitFileType = wrapper.application; includeInIndex = 0; path = MeetHourSDKTest.app; sourceTree = BUILT_PRODUCTS_DIR; };
		69C26C392669FF4B00E4A0B0 /* AppDelegate.swift */ = {isa = PBXFileReference; lastKnownFileType = sourcecode.swift; path = AppDelegate.swift; sourceTree = "<group>"; };
		69C26C3D2669FF4B00E4A0B0 /* ViewController.swift */ = {isa = PBXFileReference; lastKnownFileType = sourcecode.swift; path = ViewController.swift; sourceTree = "<group>"; };
		69C26C402669FF4B00E4A0B0 /* Base */ = {isa = PBXFileReference; lastKnownFileType = file.storyboard; name = Base; path = Base.lproj/Main.storyboard; sourceTree = "<group>"; };
		69C26C422669FF4C00E4A0B0 /* Assets.xcassets */ = {isa = PBXFileReference; lastKnownFileType = folder.assetcatalog; path = Assets.xcassets; sourceTree = "<group>"; };
		69C26C452669FF4C00E4A0B0 /* Base */ = {isa = PBXFileReference; lastKnownFileType = file.storyboard; name = Base; path = Base.lproj/LaunchScreen.storyboard; sourceTree = "<group>"; };
		69C26C472669FF4C00E4A0B0 /* Info.plist */ = {isa = PBXFileReference; lastKnownFileType = text.plist.xml; path = Info.plist; sourceTree = "<group>"; };
		88E98BDF4A15A4B374F42B65 /* Pods_MeetHourSDKTest.framework */ = {isa = PBXFileReference; explicitFileType = wrapper.framework; includeInIndex = 0; path = Pods_MeetHourSDKTest.framework; sourceTree = BUILT_PRODUCTS_DIR; };
		C9B3FAF9AA5D6BF9734868AC /* Pods-MeetHourSDKTest.debug.xcconfig */ = {isa = PBXFileReference; includeInIndex = 1; lastKnownFileType = text.xcconfig; name = "Pods-MeetHourSDKTest.debug.xcconfig"; path = "Target Support Files/Pods-MeetHourSDKTest/Pods-MeetHourSDKTest.debug.xcconfig"; sourceTree = "<group>"; };
/* End PBXFileReference section */

/* Begin PBXFrameworksBuildPhase section */
		691F5F88266A1F240044FC61 /* Frameworks */ = {
			isa = PBXFrameworksBuildPhase;
			buildActionMask = 2147483647;
			files = (
				691F5F8D266A1F240044FC61 /* ReplayKit.framework in Frameworks */,
			);
			runOnlyForDeploymentPostprocessing = 0;
		};
		69C26C332669FF4B00E4A0B0 /* Frameworks */ = {
			isa = PBXFrameworksBuildPhase;
			buildActionMask = 2147483647;
			files = (
				0DA275B1FB854AB9D2CB576F /* Pods_MeetHourSDKTest.framework in Frameworks */,
			);
			runOnlyForDeploymentPostprocessing = 0;
		};
/* End PBXFrameworksBuildPhase section */

/* Begin PBXGroup section */
		3EF66DCA2B35277F30ADC2A2 /* Pods */ = {
			isa = PBXGroup;
			children = (
				C9B3FAF9AA5D6BF9734868AC /* Pods-MeetHourSDKTest.debug.xcconfig */,
				56A6A84D259E59BEED8FC19B /* Pods-MeetHourSDKTest.release.xcconfig */,
			);
			path = Pods;
			sourceTree = "<group>";
		};
		691F5F8E266A1F240044FC61 /* MeetHour Broadcast Extension */ = {
			isa = PBXGroup;
			children = (
				691F5F9B266A1F5C0044FC61 /* MeetHour Broadcast Extension.entitlements */,
				691F5F8F266A1F240044FC61 /* SampleHandler.h */,
				691F5F90266A1F240044FC61 /* SampleHandler.m */,
				691F5F9E266A1F9B0044FC61 /* DarwinNotificationCenter.h */,
				691F5F9D266A1F9B0044FC61 /* DarwinNotificationCenter.m */,
				691F5FA1266A1F9B0044FC61 /* SampleUploader.h */,
				691F5F9C266A1F9B0044FC61 /* SampleUploader.m */,
				691F5F9F266A1F9B0044FC61 /* SocketConnection.h */,
				691F5FA0266A1F9B0044FC61 /* SocketConnection.m */,
				691F5F92266A1F240044FC61 /* Info.plist */,
			);
			path = "MeetHour Broadcast Extension";
			sourceTree = "<group>";
		};
		69C26C2D2669FF4B00E4A0B0 = {
			isa = PBXGroup;
			children = (
				69C26C382669FF4B00E4A0B0 /* MeetHourSDKTest */,
				691F5F8E266A1F240044FC61 /* MeetHour Broadcast Extension */,
				69C26C372669FF4B00E4A0B0 /* Products */,
				3EF66DCA2B35277F30ADC2A2 /* Pods */,
				9455551A3EC85030AAB70E6A /* Frameworks */,
			);
			sourceTree = "<group>";
		};
		69C26C372669FF4B00E4A0B0 /* Products */ = {
			isa = PBXGroup;
			children = (
				69C26C362669FF4B00E4A0B0 /* MeetHourSDKTest.app */,
				691F5F8B266A1F240044FC61 /* MeetHour Broadcast Extension.appex */,
			);
			name = Products;
			sourceTree = "<group>";
		};
		69C26C382669FF4B00E4A0B0 /* MeetHourSDKTest */ = {
			isa = PBXGroup;
			children = (
				691F5F9A266A1F4F0044FC61 /* MeetHourSDKTest.entitlements */,
				69C26C392669FF4B00E4A0B0 /* AppDelegate.swift */,
				69C26C3D2669FF4B00E4A0B0 /* ViewController.swift */,
				69C26C3F2669FF4B00E4A0B0 /* Main.storyboard */,
				69C26C422669FF4C00E4A0B0 /* Assets.xcassets */,
				69C26C442669FF4C00E4A0B0 /* LaunchScreen.storyboard */,
				69C26C472669FF4C00E4A0B0 /* Info.plist */,
			);
			path = MeetHourSDKTest;
			sourceTree = "<group>";
		};
		9455551A3EC85030AAB70E6A /* Frameworks */ = {
			isa = PBXGroup;
			children = (
				88E98BDF4A15A4B374F42B65 /* Pods_MeetHourSDKTest.framework */,
				691F5F8C266A1F240044FC61 /* ReplayKit.framework */,
			);
			name = Frameworks;
			sourceTree = "<group>";
		};
/* End PBXGroup section */

/* Begin PBXNativeTarget section */
		691F5F8A266A1F240044FC61 /* MeetHour Broadcast Extension */ = {
			isa = PBXNativeTarget;
			buildConfigurationList = 691F5F99266A1F240044FC61 /* Build configuration list for PBXNativeTarget "MeetHour Broadcast Extension" */;
			buildPhases = (
				691F5F87266A1F240044FC61 /* Sources */,
				691F5F88266A1F240044FC61 /* Frameworks */,
				691F5F89266A1F240044FC61 /* Resources */,
			);
			buildRules = (
			);
			dependencies = (
			);
			name = "MeetHour Broadcast Extension";
			productName = "MeetHour Broadcast Extension";
			productReference = 691F5F8B266A1F240044FC61 /* MeetHour Broadcast Extension.appex */;
			productType = "com.apple.product-type.app-extension";
		};
		69C26C352669FF4B00E4A0B0 /* MeetHourSDKTest */ = {
			isa = PBXNativeTarget;
			buildConfigurationList = 69C26C4A2669FF4C00E4A0B0 /* Build configuration list for PBXNativeTarget "MeetHourSDKTest" */;
			buildPhases = (
				F83AD1F5F8FA5E02EB664BCA /* [CP] Check Pods Manifest.lock */,
				69C26C322669FF4B00E4A0B0 /* Sources */,
				69C26C332669FF4B00E4A0B0 /* Frameworks */,
				69C26C342669FF4B00E4A0B0 /* Resources */,
				3CFE210CA4F74F14759B6482 /* [CP] Embed Pods Frameworks */,
				691F5F96266A1F240044FC61 /* Embed App Extensions */,
			);
			buildRules = (
			);
			dependencies = (
				691F5F94266A1F240044FC61 /* PBXTargetDependency */,
			);
			name = MeetHourSDKTest;
			productName = MeetHourSDKTest;
			productReference = 69C26C362669FF4B00E4A0B0 /* MeetHourSDKTest.app */;
			productType = "com.apple.product-type.application";
		};
/* End PBXNativeTarget section */

/* Begin PBXProject section */
		69C26C2E2669FF4B00E4A0B0 /* Project object */ = {
			isa = PBXProject;
			attributes = {
				LastSwiftUpdateCheck = 1250;
				LastUpgradeCheck = 1250;
				TargetAttributes = {
					691F5F8A266A1F240044FC61 = {
						CreatedOnToolsVersion = 12.5;
					};
					69C26C352669FF4B00E4A0B0 = {
						CreatedOnToolsVersion = 12.5;
					};
				};
			};
			buildConfigurationList = 69C26C312669FF4B00E4A0B0 /* Build configuration list for PBXProject "MeetHourSDKTest" */;
			compatibilityVersion = "Xcode 9.3";
			developmentRegion = en;
			hasScannedForEncodings = 0;
			knownRegions = (
				en,
				Base,
			);
			mainGroup = 69C26C2D2669FF4B00E4A0B0;
			productRefGroup = 69C26C372669FF4B00E4A0B0 /* Products */;
			projectDirPath = "";
			projectRoot = "";
			targets = (
				69C26C352669FF4B00E4A0B0 /* MeetHourSDKTest */,
				691F5F8A266A1F240044FC61 /* MeetHour Broadcast Extension */,
			);
		};
/* End PBXProject section */

/* Begin PBXResourcesBuildPhase section */
		691F5F89266A1F240044FC61 /* Resources */ = {
			isa = PBXResourcesBuildPhase;
			buildActionMask = 2147483647;
			files = (
			);
			runOnlyForDeploymentPostprocessing = 0;
		};
		69C26C342669FF4B00E4A0B0 /* Resources */ = {
			isa = PBXResourcesBuildPhase;
			buildActionMask = 2147483647;
			files = (
				69C26C462669FF4C00E4A0B0 /* LaunchScreen.storyboard in Resources */,
				69C26C432669FF4C00E4A0B0 /* Assets.xcassets in Resources */,
				69C26C412669FF4B00E4A0B0 /* Main.storyboard in Resources */,
			);
			runOnlyForDeploymentPostprocessing = 0;
		};
/* End PBXResourcesBuildPhase section */

/* Begin PBXShellScriptBuildPhase section */
		3CFE210CA4F74F14759B6482 /* [CP] Embed Pods Frameworks */ = {
			isa = PBXShellScriptBuildPhase;
			buildActionMask = 2147483647;
			files = (
			);
			inputFileListPaths = (
				"${PODS_ROOT}/Target Support Files/Pods-MeetHourSDKTest/Pods-MeetHourSDKTest-frameworks-${CONFIGURATION}-input-files.xcfilelist",
			);
			name = "[CP] Embed Pods Frameworks";
			outputFileListPaths = (
				"${PODS_ROOT}/Target Support Files/Pods-MeetHourSDKTest/Pods-MeetHourSDKTest-frameworks-${CONFIGURATION}-output-files.xcfilelist",
			);
			runOnlyForDeploymentPostprocessing = 0;
			shellPath = /bin/sh;
			shellScript = "\"${PODS_ROOT}/Target Support Files/Pods-MeetHourSDKTest/Pods-MeetHourSDKTest-frameworks.sh\"\n";
			showEnvVarsInLog = 0;
		};
		F83AD1F5F8FA5E02EB664BCA /* [CP] Check Pods Manifest.lock */ = {
			isa = PBXShellScriptBuildPhase;
			buildActionMask = 2147483647;
			files = (
			);
			inputFileListPaths = (
			);
			inputPaths = (
				"${PODS_PODFILE_DIR_PATH}/Podfile.lock",
				"${PODS_ROOT}/Manifest.lock",
			);
			name = "[CP] Check Pods Manifest.lock";
			outputFileListPaths = (
			);
			outputPaths = (
				"$(DERIVED_FILE_DIR)/Pods-MeetHourSDKTest-checkManifestLockResult.txt",
			);
			runOnlyForDeploymentPostprocessing = 0;
			shellPath = /bin/sh;
			shellScript = "diff \"${PODS_PODFILE_DIR_PATH}/Podfile.lock\" \"${PODS_ROOT}/Manifest.lock\" > /dev/null\nif [ $? != 0 ] ; then\n    # print error to STDERR\n    echo \"error: The sandbox is not in sync with the Podfile.lock. Run 'pod install' or update your CocoaPods installation.\" >&2\n    exit 1\nfi\n# This output is used by Xcode 'outputs' to avoid re-running this script phase.\necho \"SUCCESS\" > \"${SCRIPT_OUTPUT_FILE_0}\"\n";
			showEnvVarsInLog = 0;
		};
/* End PBXShellScriptBuildPhase section */

/* Begin PBXSourcesBuildPhase section */
		691F5F87266A1F240044FC61 /* Sources */ = {
			isa = PBXSourcesBuildPhase;
			buildActionMask = 2147483647;
			files = (
				691F5F91266A1F240044FC61 /* SampleHandler.m in Sources */,
				691F5FA2266A1F9B0044FC61 /* SampleUploader.m in Sources */,
				691F5FA4266A1F9B0044FC61 /* SocketConnection.m in Sources */,
				691F5FA3266A1F9B0044FC61 /* DarwinNotificationCenter.m in Sources */,
			);
			runOnlyForDeploymentPostprocessing = 0;
		};
		69C26C322669FF4B00E4A0B0 /* Sources */ = {
			isa = PBXSourcesBuildPhase;
			buildActionMask = 2147483647;
			files = (
				69C26C3E2669FF4B00E4A0B0 /* ViewController.swift in Sources */,
				69C26C3A2669FF4B00E4A0B0 /* AppDelegate.swift in Sources */,
			);
			runOnlyForDeploymentPostprocessing = 0;
		};
/* End PBXSourcesBuildPhase section */

/* Begin PBXTargetDependency section */
		691F5F94266A1F240044FC61 /* PBXTargetDependency */ = {
			isa = PBXTargetDependency;
			target = 691F5F8A266A1F240044FC61 /* MeetHour Broadcast Extension */;
			targetProxy = 691F5F93266A1F240044FC61 /* PBXContainerItemProxy */;
		};
/* End PBXTargetDependency section */

/* Begin PBXVariantGroup section */
		69C26C3F2669FF4B00E4A0B0 /* Main.storyboard */ = {
			isa = PBXVariantGroup;
			children = (
				69C26C402669FF4B00E4A0B0 /* Base */,
			);
			name = Main.storyboard;
			sourceTree = "<group>";
		};
		69C26C442669FF4C00E4A0B0 /* LaunchScreen.storyboard */ = {
			isa = PBXVariantGroup;
			children = (
				69C26C452669FF4C00E4A0B0 /* Base */,
			);
			name = LaunchScreen.storyboard;
			sourceTree = "<group>";
		};
/* End PBXVariantGroup section */

/* Begin XCBuildConfiguration section */
		691F5F97266A1F240044FC61 /* Debug */ = {
			isa = XCBuildConfiguration;
			buildSettings = {
				CODE_SIGN_ENTITLEMENTS = "MeetHour Broadcast Extension/MeetHour Broadcast Extension.entitlements";
				CODE_SIGN_IDENTITY = "iPhone Developer";
				CODE_SIGN_STYLE = Manual;
				DEVELOPMENT_TEAM = 7AAZ3ZK627;
				INFOPLIST_FILE = "MeetHour Broadcast Extension/Info.plist";
				IPHONEOS_DEPLOYMENT_TARGET = 13.0;
				LD_RUNPATH_SEARCH_PATHS = (
					"$(inherited)",
					"@executable_path/Frameworks",
					"@executable_path/../../Frameworks",
				);
				PRODUCT_BUNDLE_IDENTIFIER = go.meethour.io.ios.sdk.broadextension;
				PRODUCT_NAME = "$(TARGET_NAME)";
				PROVISIONING_PROFILE_SPECIFIER = "MeetHour Test SDK BroadCast Extension";
				SKIP_INSTALL = YES;
				TARGETED_DEVICE_FAMILY = "1,2";
			};
			name = Debug;
		};
		691F5F98266A1F240044FC61 /* Release */ = {
			isa = XCBuildConfiguration;
			buildSettings = {
				CODE_SIGN_ENTITLEMENTS = "MeetHour Broadcast Extension/MeetHour Broadcast Extension.entitlements";
				CODE_SIGN_IDENTITY = "iPhone Developer";
				CODE_SIGN_STYLE = Manual;
				DEVELOPMENT_TEAM = 7AAZ3ZK627;
				INFOPLIST_FILE = "MeetHour Broadcast Extension/Info.plist";
				IPHONEOS_DEPLOYMENT_TARGET = 13.0;
				LD_RUNPATH_SEARCH_PATHS = (
					"$(inherited)",
					"@executable_path/Frameworks",
					"@executable_path/../../Frameworks",
				);
				PRODUCT_BUNDLE_IDENTIFIER = go.meethour.io.ios.sdk.broadextension;
				PRODUCT_NAME = "$(TARGET_NAME)";
				PROVISIONING_PROFILE_SPECIFIER = "MeetHour Test SDK BroadCast Extension";
				SKIP_INSTALL = YES;
				TARGETED_DEVICE_FAMILY = "1,2";
			};
			name = Release;
		};
		69C26C482669FF4C00E4A0B0 /* Debug */ = {
			isa = XCBuildConfiguration;
			buildSettings = {
				ALWAYS_SEARCH_USER_PATHS = NO;
				CLANG_ANALYZER_NONNULL = YES;
				CLANG_ANALYZER_NUMBER_OBJECT_CONVERSION = YES_AGGRESSIVE;
				CLANG_CXX_LANGUAGE_STANDARD = "gnu++14";
				CLANG_CXX_LIBRARY = "libc++";
				CLANG_ENABLE_MODULES = YES;
				CLANG_ENABLE_OBJC_ARC = YES;
				CLANG_ENABLE_OBJC_WEAK = YES;
				CLANG_WARN_BLOCK_CAPTURE_AUTORELEASING = YES;
				CLANG_WARN_BOOL_CONVERSION = YES;
				CLANG_WARN_COMMA = YES;
				CLANG_WARN_CONSTANT_CONVERSION = YES;
				CLANG_WARN_DEPRECATED_OBJC_IMPLEMENTATIONS = YES;
				CLANG_WARN_DIRECT_OBJC_ISA_USAGE = YES_ERROR;
				CLANG_WARN_DOCUMENTATION_COMMENTS = YES;
				CLANG_WARN_EMPTY_BODY = YES;
				CLANG_WARN_ENUM_CONVERSION = YES;
				CLANG_WARN_INFINITE_RECURSION = YES;
				CLANG_WARN_INT_CONVERSION = YES;
				CLANG_WARN_NON_LITERAL_NULL_CONVERSION = YES;
				CLANG_WARN_OBJC_IMPLICIT_RETAIN_SELF = YES;
				CLANG_WARN_OBJC_LITERAL_CONVERSION = YES;
				CLANG_WARN_OBJC_ROOT_CLASS = YES_ERROR;
				CLANG_WARN_QUOTED_INCLUDE_IN_FRAMEWORK_HEADER = YES;
				CLANG_WARN_RANGE_LOOP_ANALYSIS = YES;
				CLANG_WARN_STRICT_PROTOTYPES = YES;
				CLANG_WARN_SUSPICIOUS_MOVE = YES;
				CLANG_WARN_UNGUARDED_AVAILABILITY = YES_AGGRESSIVE;
				CLANG_WARN_UNREACHABLE_CODE = YES;
				CLANG_WARN__DUPLICATE_METHOD_MATCH = YES;
				COPY_PHASE_STRIP = NO;
				DEBUG_INFORMATION_FORMAT = dwarf;
				ENABLE_STRICT_OBJC_MSGSEND = YES;
				ENABLE_TESTABILITY = YES;
				GCC_C_LANGUAGE_STANDARD = gnu11;
				GCC_DYNAMIC_NO_PIC = NO;
				GCC_NO_COMMON_BLOCKS = YES;
				GCC_OPTIMIZATION_LEVEL = 0;
				GCC_PREPROCESSOR_DEFINITIONS = (
					"DEBUG=1",
					"$(inherited)",
				);
				GCC_WARN_64_TO_32_BIT_CONVERSION = YES;
				GCC_WARN_ABOUT_RETURN_TYPE = YES_ERROR;
				GCC_WARN_UNDECLARED_SELECTOR = YES;
				GCC_WARN_UNINITIALIZED_AUTOS = YES_AGGRESSIVE;
				GCC_WARN_UNUSED_FUNCTION = YES;
				GCC_WARN_UNUSED_VARIABLE = YES;
				IPHONEOS_DEPLOYMENT_TARGET = 14.5;
				MTL_ENABLE_DEBUG_INFO = INCLUDE_SOURCE;
				MTL_FAST_MATH = YES;
				ONLY_ACTIVE_ARCH = YES;
				SDKROOT = iphoneos;
				SWIFT_ACTIVE_COMPILATION_CONDITIONS = DEBUG;
				SWIFT_OPTIMIZATION_LEVEL = "-Onone";
			};
			name = Debug;
		};
		69C26C492669FF4C00E4A0B0 /* Release */ = {
			isa = XCBuildConfiguration;
			buildSettings = {
				ALWAYS_SEARCH_USER_PATHS = NO;
				CLANG_ANALYZER_NONNULL = YES;
				CLANG_ANALYZER_NUMBER_OBJECT_CONVERSION = YES_AGGRESSIVE;
				CLANG_CXX_LANGUAGE_STANDARD = "gnu++14";
				CLANG_CXX_LIBRARY = "libc++";
				CLANG_ENABLE_MODULES = YES;
				CLANG_ENABLE_OBJC_ARC = YES;
				CLANG_ENABLE_OBJC_WEAK = YES;
				CLANG_WARN_BLOCK_CAPTURE_AUTORELEASING = YES;
				CLANG_WARN_BOOL_CONVERSION = YES;
				CLANG_WARN_COMMA = YES;
				CLANG_WARN_CONSTANT_CONVERSION = YES;
				CLANG_WARN_DEPRECATED_OBJC_IMPLEMENTATIONS = YES;
				CLANG_WARN_DIRECT_OBJC_ISA_USAGE = YES_ERROR;
				CLANG_WARN_DOCUMENTATION_COMMENTS = YES;
				CLANG_WARN_EMPTY_BODY = YES;
				CLANG_WARN_ENUM_CONVERSION = YES;
				CLANG_WARN_INFINITE_RECURSION = YES;
				CLANG_WARN_INT_CONVERSION = YES;
				CLANG_WARN_NON_LITERAL_NULL_CONVERSION = YES;
				CLANG_WARN_OBJC_IMPLICIT_RETAIN_SELF = YES;
				CLANG_WARN_OBJC_LITERAL_CONVERSION = YES;
				CLANG_WARN_OBJC_ROOT_CLASS = YES_ERROR;
				CLANG_WARN_QUOTED_INCLUDE_IN_FRAMEWORK_HEADER = YES;
				CLANG_WARN_RANGE_LOOP_ANALYSIS = YES;
				CLANG_WARN_STRICT_PROTOTYPES = YES;
				CLANG_WARN_SUSPICIOUS_MOVE = YES;
				CLANG_WARN_UNGUARDED_AVAILABILITY = YES_AGGRESSIVE;
				CLANG_WARN_UNREACHABLE_CODE = YES;
				CLANG_WARN__DUPLICATE_METHOD_MATCH = YES;
				COPY_PHASE_STRIP = NO;
				DEBUG_INFORMATION_FORMAT = "dwarf-with-dsym";
				ENABLE_NS_ASSERTIONS = NO;
				ENABLE_STRICT_OBJC_MSGSEND = YES;
				GCC_C_LANGUAGE_STANDARD = gnu11;
				GCC_NO_COMMON_BLOCKS = YES;
				GCC_WARN_64_TO_32_BIT_CONVERSION = YES;
				GCC_WARN_ABOUT_RETURN_TYPE = YES_ERROR;
				GCC_WARN_UNDECLARED_SELECTOR = YES;
				GCC_WARN_UNINITIALIZED_AUTOS = YES_AGGRESSIVE;
				GCC_WARN_UNUSED_FUNCTION = YES;
				GCC_WARN_UNUSED_VARIABLE = YES;
				IPHONEOS_DEPLOYMENT_TARGET = 14.5;
				MTL_ENABLE_DEBUG_INFO = NO;
				MTL_FAST_MATH = YES;
				SDKROOT = iphoneos;
				SWIFT_COMPILATION_MODE = wholemodule;
				SWIFT_OPTIMIZATION_LEVEL = "-O";
				VALIDATE_PRODUCT = YES;
			};
			name = Release;
		};
		69C26C4B2669FF4C00E4A0B0 /* Debug */ = {
			isa = XCBuildConfiguration;
			baseConfigurationReference = C9B3FAF9AA5D6BF9734868AC /* Pods-MeetHourSDKTest.debug.xcconfig */;
			buildSettings = {
				ASSETCATALOG_COMPILER_APPICON_NAME = AppIcon;
				ASSETCATALOG_COMPILER_GLOBAL_ACCENT_COLOR_NAME = AccentColor;
				BUILD_LIBRARY_FOR_DISTRIBUTION = NO;
				CODE_SIGN_ENTITLEMENTS = MeetHourSDKTest/MeetHourSDKTest.entitlements;
				CODE_SIGN_IDENTITY = "iPhone Developer";
				CODE_SIGN_STYLE = Manual;
				DEVELOPMENT_TEAM = 7AAZ3ZK627;
				ENABLE_BITCODE = NO;
				INFOPLIST_FILE = MeetHourSDKTest/Info.plist;
				IPHONEOS_DEPLOYMENT_TARGET = 13.0;
				LD_RUNPATH_SEARCH_PATHS = (
					"$(inherited)",
					"@executable_path/Frameworks",
				);
				OTHER_SWIFT_FLAGS = "";
				PRODUCT_BUNDLE_IDENTIFIER = go.meethour.io.ios.sdk;
				PRODUCT_NAME = "$(TARGET_NAME)";
				PROVISIONING_PROFILE_SPECIFIER = MeetHourTestSDK;
				SWIFT_VERSION = 5.0;
				TARGETED_DEVICE_FAMILY = "1,2";
			};
			name = Debug;
		};
		69C26C4C2669FF4C00E4A0B0 /* Release */ = {
			isa = XCBuildConfiguration;
			baseConfigurationReference = 56A6A84D259E59BEED8FC19B /* Pods-MeetHourSDKTest.release.xcconfig */;
			buildSettings = {
				ASSETCATALOG_COMPILER_APPICON_NAME = AppIcon;
				ASSETCATALOG_COMPILER_GLOBAL_ACCENT_COLOR_NAME = AccentColor;
				BUILD_LIBRARY_FOR_DISTRIBUTION = NO;
				CODE_SIGN_ENTITLEMENTS = MeetHourSDKTest/MeetHourSDKTest.entitlements;
				CODE_SIGN_IDENTITY = "iPhone Developer";
				CODE_SIGN_STYLE = Manual;
				DEVELOPMENT_TEAM = 7AAZ3ZK627;
				ENABLE_BITCODE = NO;
				INFOPLIST_FILE = MeetHourSDKTest/Info.plist;
				IPHONEOS_DEPLOYMENT_TARGET = 13.0;
				LD_RUNPATH_SEARCH_PATHS = (
					"$(inherited)",
					"@executable_path/Frameworks",
				);
				OTHER_SWIFT_FLAGS = "";
				PRODUCT_BUNDLE_IDENTIFIER = go.meethour.io.ios.sdk;
				PRODUCT_NAME = "$(TARGET_NAME)";
				PROVISIONING_PROFILE_SPECIFIER = MeetHourTestSDK;
				SWIFT_VERSION = 5.0;
				TARGETED_DEVICE_FAMILY = "1,2";
			};
			name = Release;
		};
/* End XCBuildConfiguration section */

/* Begin XCConfigurationList section */
		691F5F99266A1F240044FC61 /* Build configuration list for PBXNativeTarget "MeetHour Broadcast Extension" */ = {
			isa = XCConfigurationList;
			buildConfigurations = (
				691F5F97266A1F240044FC61 /* Debug */,
				691F5F98266A1F240044FC61 /* Release */,
			);
			defaultConfigurationIsVisible = 0;
			defaultConfigurationName = Release;
		};
		69C26C312669FF4B00E4A0B0 /* Build configuration list for PBXProject "MeetHourSDKTest" */ = {
			isa = XCConfigurationList;
			buildConfigurations = (
				69C26C482669FF4C00E4A0B0 /* Debug */,
				69C26C492669FF4C00E4A0B0 /* Release */,
			);
			defaultConfigurationIsVisible = 0;
			defaultConfigurationName = Release;
		};
		69C26C4A2669FF4C00E4A0B0 /* Build configuration list for PBXNativeTarget "MeetHourSDKTest" */ = {
			isa = XCConfigurationList;
			buildConfigurations = (
				69C26C4B2669FF4C00E4A0B0 /* Debug */,
				69C26C4C2669FF4C00E4A0B0 /* Release */,
			);
			defaultConfigurationIsVisible = 0;
			defaultConfigurationName = Release;
		};
/* End XCConfigurationList section */
	};
	rootObject = 69C26C2E2669FF4B00E4A0B0 /* Project object */;
}
