// !$*UTF8*$!
{
	archiveVersion = 1;
	classes = {
	};
	objectVersion = 51;
	objects = {

/* Begin PBXBuildFile section */
		69936EA72668B59C002418B9 /* AppDelegate.m in Sources */ = {isa = PBXBuildFile; fileRef = 69936EA62668B59C002418B9 /* AppDelegate.m */; };
		69936EAA2668B59C002418B9 /* SceneDelegate.m in Sources */ = {isa = PBXBuildFile; fileRef = 69936EA92668B59C002418B9 /* SceneDelegate.m */; };
		69936EAD2668B59C002418B9 /* ViewController.m in Sources */ = {isa = PBXBuildFile; fileRef = 69936EAC2668B59C002418B9 /* ViewController.m */; };
		69936EB02668B59C002418B9 /* Main.storyboard in Resources */ = {isa = PBXBuildFile; fileRef = 69936EAE2668B59C002418B9 /* Main.storyboard */; };
		69936EB22668B59E002418B9 /* Assets.xcassets in Resources */ = {isa = PBXBuildFile; fileRef = 69936EB12668B59E002418B9 /* Assets.xcassets */; };
		69936EB52668B59E002418B9 /* LaunchScreen.storyboard in Resources */ = {isa = PBXBuildFile; fileRef = 69936EB32668B59E002418B9 /* LaunchScreen.storyboard */; };
		69936EB82668B59E002418B9 /* main.m in Sources */ = {isa = PBXBuildFile; fileRef = 69936EB72668B59E002418B9 /* main.m */; };
		69936EC02668B75E002418B9 /* ConferenceViewController.m in Sources */ = {isa = PBXBuildFile; fileRef = 69936EBF2668B75E002418B9 /* ConferenceViewController.m */; };
		69936EC72668BBF4002418B9 /* ReplayKit.framework in Frameworks */ = {isa = PBXBuildFile; fileRef = 69936EC62668BBF4002418B9 /* ReplayKit.framework */; };
		69936ECB2668BBF4002418B9 /* SampleHandler.m in Sources */ = {isa = PBXBuildFile; fileRef = 69936ECA2668BBF4002418B9 /* SampleHandler.m */; };
		69936ECF2668BBF4002418B9 /* MeetHour Broadcast Extension.appex in Embed App Extensions */ = {isa = PBXBuildFile; fileRef = 69936EC52668BBF4002418B9 /* MeetHour Broadcast Extension.appex */; settings = {ATTRIBUTES = (RemoveHeadersOnCopy, ); }; };
		69936EDC2668BD1B002418B9 /* DarwinNotificationCenter.m in Sources */ = {isa = PBXBuildFile; fileRef = 69936ED62668BD1B002418B9 /* DarwinNotificationCenter.m */; };
		69936EDD2668BD1B002418B9 /* SampleUploader.m in Sources */ = {isa = PBXBuildFile; fileRef = 69936ED72668BD1B002418B9 /* SampleUploader.m */; };
		69936EDE2668BD1B002418B9 /* SocketConnection.m in Sources */ = {isa = PBXBuildFile; fileRef = 69936ED92668BD1B002418B9 /* SocketConnection.m */; };
		69B6A8D826690E3C00E9CCFC /* MHTextField.m in Sources */ = {isa = PBXBuildFile; fileRef = 69B6A8D726690E3C00E9CCFC /* MHTextField.m */; };
		DECE6F7A8A9719055DF0FEFA /* Pods_MeetHourSDKTest.framework in Frameworks */ = {isa = PBXBuildFile; fileRef = 7B07CEEC900C669EEA1E478A /* Pods_MeetHourSDKTest.framework */; };
/* End PBXBuildFile section */

/* Begin PBXContainerItemProxy section */
		69936ECD2668BBF4002418B9 /* PBXContainerItemProxy */ = {
			isa = PBXContainerItemProxy;
			containerPortal = 69936E9A2668B59C002418B9 /* Project object */;
			proxyType = 1;
			remoteGlobalIDString = 69936EC42668BBF4002418B9;
			remoteInfo = "MeetHour Broadcast Extension";
		};
/* End PBXContainerItemProxy section */

/* Begin PBXCopyFilesBuildPhase section */
		69936ED32668BBF4002418B9 /* Embed App Extensions */ = {
			isa = PBXCopyFilesBuildPhase;
			buildActionMask = 2147483647;
			dstPath = "";
			dstSubfolderSpec = 13;
			files = (
				69936ECF2668BBF4002418B9 /* MeetHour Broadcast Extension.appex in Embed App Extensions */,
			);
			name = "Embed App Extensions";
			runOnlyForDeploymentPostprocessing = 0;
		};
/* End PBXCopyFilesBuildPhase section */

/* Begin PBXFileReference section */
		3B6E3F2D85E5BF49ED6110A6 /* Pods-MeetHourSDKTest.debug.xcconfig */ = {isa = PBXFileReference; includeInIndex = 1; lastKnownFileType = text.xcconfig; name = "Pods-MeetHourSDKTest.debug.xcconfig"; path = "Target Support Files/Pods-MeetHourSDKTest/Pods-MeetHourSDKTest.debug.xcconfig"; sourceTree = "<group>"; };
		5254C9DCEC1B9E129F9F4EB5 /* Pods-MeetHourSDKTest.release.xcconfig */ = {isa = PBXFileReference; includeInIndex = 1; lastKnownFileType = text.xcconfig; name = "Pods-MeetHourSDKTest.release.xcconfig"; path = "Target Support Files/Pods-MeetHourSDKTest/Pods-MeetHourSDKTest.release.xcconfig"; sourceTree = "<group>"; };
		69936EA22668B59C002418B9 /* MeetHourSDKTest.app */ = {isa = PBXFileReference; explicitFileType = wrapper.application; includeInIndex = 0; path = MeetHourSDKTest.app; sourceTree = BUILT_PRODUCTS_DIR; };
		69936EA52668B59C002418B9 /* AppDelegate.h */ = {isa = PBXFileReference; lastKnownFileType = sourcecode.c.h; path = AppDelegate.h; sourceTree = "<group>"; };
		69936EA62668B59C002418B9 /* AppDelegate.m */ = {isa = PBXFileReference; lastKnownFileType = sourcecode.c.objc; path = AppDelegate.m; sourceTree = "<group>"; };
		69936EA82668B59C002418B9 /* SceneDelegate.h */ = {isa = PBXFileReference; lastKnownFileType = sourcecode.c.h; path = SceneDelegate.h; sourceTree = "<group>"; };
		69936EA92668B59C002418B9 /* SceneDelegate.m */ = {isa = PBXFileReference; lastKnownFileType = sourcecode.c.objc; path = SceneDelegate.m; sourceTree = "<group>"; };
		69936EAB2668B59C002418B9 /* ViewController.h */ = {isa = PBXFileReference; lastKnownFileType = sourcecode.c.h; path = ViewController.h; sourceTree = "<group>"; };
		69936EAC2668B59C002418B9 /* ViewController.m */ = {isa = PBXFileReference; lastKnownFileType = sourcecode.c.objc; path = ViewController.m; sourceTree = "<group>"; };
		69936EAF2668B59C002418B9 /* Base */ = {isa = PBXFileReference; lastKnownFileType = file.storyboard; name = Base; path = Base.lproj/Main.storyboard; sourceTree = "<group>"; };
		69936EB12668B59E002418B9 /* Assets.xcassets */ = {isa = PBXFileReference; lastKnownFileType = folder.assetcatalog; path = Assets.xcassets; sourceTree = "<group>"; };
		69936EB42668B59E002418B9 /* Base */ = {isa = PBXFileReference; lastKnownFileType = file.storyboard; name = Base; path = Base.lproj/LaunchScreen.storyboard; sourceTree = "<group>"; };
		69936EB62668B59E002418B9 /* Info.plist */ = {isa = PBXFileReference; lastKnownFileType = text.plist.xml; path = Info.plist; sourceTree = "<group>"; };
		69936EB72668B59E002418B9 /* main.m */ = {isa = PBXFileReference; lastKnownFileType = sourcecode.c.objc; path = main.m; sourceTree = "<group>"; };
		69936EBE2668B75E002418B9 /* ConferenceViewController.h */ = {isa = PBXFileReference; fileEncoding = 4; lastKnownFileType = sourcecode.c.h; path = ConferenceViewController.h; sourceTree = "<group>"; };
		69936EBF2668B75E002418B9 /* ConferenceViewController.m */ = {isa = PBXFileReference; fileEncoding = 4; lastKnownFileType = sourcecode.c.objc; path = ConferenceViewController.m; sourceTree = "<group>"; };
		69936EC52668BBF4002418B9 /* MeetHour Broadcast Extension.appex */ = {isa = PBXFileReference; explicitFileType = "wrapper.app-extension"; includeInIndex = 0; path = "MeetHour Broadcast Extension.appex"; sourceTree = BUILT_PRODUCTS_DIR; };
		69936EC62668BBF4002418B9 /* ReplayKit.framework */ = {isa = PBXFileReference; lastKnownFileType = wrapper.framework; name = ReplayKit.framework; path = System/Library/Frameworks/ReplayKit.framework; sourceTree = SDKROOT; };
		69936EC92668BBF4002418B9 /* SampleHandler.h */ = {isa = PBXFileReference; lastKnownFileType = sourcecode.c.h; path = SampleHandler.h; sourceTree = "<group>"; };
		69936ECA2668BBF4002418B9 /* SampleHandler.m */ = {isa = PBXFileReference; lastKnownFileType = sourcecode.c.objc; path = SampleHandler.m; sourceTree = "<group>"; };
		69936ECC2668BBF4002418B9 /* Info.plist */ = {isa = PBXFileReference; lastKnownFileType = text.plist.xml; path = Info.plist; sourceTree = "<group>"; };
		69936ED52668BC0F002418B9 /* MeetHour Broadcast Extension.entitlements */ = {isa = PBXFileReference; lastKnownFileType = text.plist.entitlements; path = "MeetHour Broadcast Extension.entitlements"; sourceTree = "<group>"; };
		69936ED62668BD1B002418B9 /* DarwinNotificationCenter.m */ = {isa = PBXFileReference; fileEncoding = 4; lastKnownFileType = sourcecode.c.objc; path = DarwinNotificationCenter.m; sourceTree = "<group>"; };
		69936ED72668BD1B002418B9 /* SampleUploader.m */ = {isa = PBXFileReference; fileEncoding = 4; lastKnownFileType = sourcecode.c.objc; path = SampleUploader.m; sourceTree = "<group>"; };
		69936ED82668BD1B002418B9 /* SocketConnection.h */ = {isa = PBXFileReference; fileEncoding = 4; lastKnownFileType = sourcecode.c.h; path = SocketConnection.h; sourceTree = "<group>"; };
		69936ED92668BD1B002418B9 /* SocketConnection.m */ = {isa = PBXFileReference; fileEncoding = 4; lastKnownFileType = sourcecode.c.objc; path = SocketConnection.m; sourceTree = "<group>"; };
		69936EDA2668BD1B002418B9 /* SampleUploader.h */ = {isa = PBXFileReference; fileEncoding = 4; lastKnownFileType = sourcecode.c.h; path = SampleUploader.h; sourceTree = "<group>"; };
		69936EDB2668BD1B002418B9 /* DarwinNotificationCenter.h */ = {isa = PBXFileReference; fileEncoding = 4; lastKnownFileType = sourcecode.c.h; path = DarwinNotificationCenter.h; sourceTree = "<group>"; };
		69B6A8D52668F8CD00E9CCFC /* MeetHourSDKTest.entitlements */ = {isa = PBXFileReference; fileEncoding = 4; lastKnownFileType = text.plist.entitlements; path = MeetHourSDKTest.entitlements; sourceTree = SOURCE_ROOT; };
		69B6A8D626690E3C00E9CCFC /* MHTextField.h */ = {isa = PBXFileReference; fileEncoding = 4; lastKnownFileType = sourcecode.c.h; path = MHTextField.h; sourceTree = "<group>"; };
		69B6A8D726690E3C00E9CCFC /* MHTextField.m */ = {isa = PBXFileReference; fileEncoding = 4; lastKnownFileType = sourcecode.c.objc; path = MHTextField.m; sourceTree = "<group>"; };
		7B07CEEC900C669EEA1E478A /* Pods_MeetHourSDKTest.framework */ = {isa = PBXFileReference; explicitFileType = wrapper.framework; includeInIndex = 0; path = Pods_MeetHourSDKTest.framework; sourceTree = BUILT_PRODUCTS_DIR; };
/* End PBXFileReference section */

/* Begin PBXFrameworksBuildPhase section */
		69936E9F2668B59C002418B9 /* Frameworks */ = {
			isa = PBXFrameworksBuildPhase;
			buildActionMask = 2147483647;
			files = (
				DECE6F7A8A9719055DF0FEFA /* Pods_MeetHourSDKTest.framework in Frameworks */,
			);
			runOnlyForDeploymentPostprocessing = 0;
		};
		69936EC22668BBF4002418B9 /* Frameworks */ = {
			isa = PBXFrameworksBuildPhase;
			buildActionMask = 2147483647;
			files = (
				69936EC72668BBF4002418B9 /* ReplayKit.framework in Frameworks */,
			);
			runOnlyForDeploymentPostprocessing = 0;
		};
/* End PBXFrameworksBuildPhase section */

/* Begin PBXGroup section */
		69936E992668B59C002418B9 = {
			isa = PBXGroup;
			children = (
				69936EA42668B59C002418B9 /* MeetHourSDKTest */,
				69936EC82668BBF4002418B9 /* MeetHour Broadcast Extension */,
				69936EA32668B59C002418B9 /* Products */,
				78452CDD117B7D5509F46432 /* Pods */,
				9649120E1FE802E34D181C03 /* Frameworks */,
			);
			sourceTree = "<group>";
		};
		69936EA32668B59C002418B9 /* Products */ = {
			isa = PBXGroup;
			children = (
				69936EA22668B59C002418B9 /* MeetHourSDKTest.app */,
				69936EC52668BBF4002418B9 /* MeetHour Broadcast Extension.appex */,
			);
			name = Products;
			sourceTree = "<group>";
		};
		69936EA42668B59C002418B9 /* MeetHourSDKTest */ = {
			isa = PBXGroup;
			children = (
				69B6A8D52668F8CD00E9CCFC /* MeetHourSDKTest.entitlements */,
				69936EA52668B59C002418B9 /* AppDelegate.h */,
				69936EA62668B59C002418B9 /* AppDelegate.m */,
				69936EA82668B59C002418B9 /* SceneDelegate.h */,
				69936EA92668B59C002418B9 /* SceneDelegate.m */,
				69936EAB2668B59C002418B9 /* ViewController.h */,
				69936EAC2668B59C002418B9 /* ViewController.m */,
				69936EBE2668B75E002418B9 /* ConferenceViewController.h */,
				69936EBF2668B75E002418B9 /* ConferenceViewController.m */,
				69B6A8D626690E3C00E9CCFC /* MHTextField.h */,
				69B6A8D726690E3C00E9CCFC /* MHTextField.m */,
				69936EAE2668B59C002418B9 /* Main.storyboard */,
				69936EB12668B59E002418B9 /* Assets.xcassets */,
				69936EB32668B59E002418B9 /* LaunchScreen.storyboard */,
				69936EB62668B59E002418B9 /* Info.plist */,
				69936EB72668B59E002418B9 /* main.m */,
			);
			path = MeetHourSDKTest;
			sourceTree = "<group>";
		};
		69936EC82668BBF4002418B9 /* MeetHour Broadcast Extension */ = {
			isa = PBXGroup;
			children = (
				69936ED52668BC0F002418B9 /* MeetHour Broadcast Extension.entitlements */,
				69936EC92668BBF4002418B9 /* SampleHandler.h */,
				69936ECA2668BBF4002418B9 /* SampleHandler.m */,
				69936EDB2668BD1B002418B9 /* DarwinNotificationCenter.h */,
				69936ED62668BD1B002418B9 /* DarwinNotificationCenter.m */,
				69936EDA2668BD1B002418B9 /* SampleUploader.h */,
				69936ED72668BD1B002418B9 /* SampleUploader.m */,
				69936ED82668BD1B002418B9 /* SocketConnection.h */,
				69936ED92668BD1B002418B9 /* SocketConnection.m */,
				69936ECC2668BBF4002418B9 /* Info.plist */,
			);
			path = "MeetHour Broadcast Extension";
			sourceTree = "<group>";
		};
		78452CDD117B7D5509F46432 /* Pods */ = {
			isa = PBXGroup;
			children = (
				3B6E3F2D85E5BF49ED6110A6 /* Pods-MeetHourSDKTest.debug.xcconfig */,
				5254C9DCEC1B9E129F9F4EB5 /* Pods-MeetHourSDKTest.release.xcconfig */,
			);
			path = Pods;
			sourceTree = "<group>";
		};
		9649120E1FE802E34D181C03 /* Frameworks */ = {
			isa = PBXGroup;
			children = (
				7B07CEEC900C669EEA1E478A /* Pods_MeetHourSDKTest.framework */,
				69936EC62668BBF4002418B9 /* ReplayKit.framework */,
			);
			name = Frameworks;
			sourceTree = "<group>";
		};
/* End PBXGroup section */

/* Begin PBXNativeTarget section */
		69936EA12668B59C002418B9 /* MeetHourSDKTest */ = {
			isa = PBXNativeTarget;
			buildConfigurationList = 69936EBB2668B59E002418B9 /* Build configuration list for PBXNativeTarget "MeetHourSDKTest" */;
			buildPhases = (
				488491460FAFFDE30E558851 /* [CP] Check Pods Manifest.lock */,
				69936E9E2668B59C002418B9 /* Sources */,
				69936E9F2668B59C002418B9 /* Frameworks */,
				69936EA02668B59C002418B9 /* Resources */,
				9AEB61AC1F22E36C81DA5C81 /* [CP] Embed Pods Frameworks */,
				69936ED32668BBF4002418B9 /* Embed App Extensions */,
			);
			buildRules = (
			);
			dependencies = (
				69936ECE2668BBF4002418B9 /* PBXTargetDependency */,
			);
			name = MeetHourSDKTest;
			productName = MeetHourSDKTest;
			productReference = 69936EA22668B59C002418B9 /* MeetHourSDKTest.app */;
			productType = "com.apple.product-type.application";
		};
		69936EC42668BBF4002418B9 /* MeetHour Broadcast Extension */ = {
			isa = PBXNativeTarget;
			buildConfigurationList = 69936ED02668BBF4002418B9 /* Build configuration list for PBXNativeTarget "MeetHour Broadcast Extension" */;
			buildPhases = (
				69936EC12668BBF4002418B9 /* Sources */,
				69936EC22668BBF4002418B9 /* Frameworks */,
				69936EC32668BBF4002418B9 /* Resources */,
			);
			buildRules = (
			);
			dependencies = (
			);
			name = "MeetHour Broadcast Extension";
			productName = "MeetHour Broadcast Extension";
			productReference = 69936EC52668BBF4002418B9 /* MeetHour Broadcast Extension.appex */;
			productType = "com.apple.product-type.app-extension";
		};
/* End PBXNativeTarget section */

/* Begin PBXProject section */
		69936E9A2668B59C002418B9 /* Project object */ = {
			isa = PBXProject;
			attributes = {
				LastUpgradeCheck = 1250;
				TargetAttributes = {
					69936EA12668B59C002418B9 = {
						CreatedOnToolsVersion = 12.5;
					};
					69936EC42668BBF4002418B9 = {
						CreatedOnToolsVersion = 12.5;
					};
				};
			};
			buildConfigurationList = 69936E9D2668B59C002418B9 /* Build configuration list for PBXProject "MeetHourSDKTest" */;
			compatibilityVersion = "Xcode 9.3";
			developmentRegion = en;
			hasScannedForEncodings = 0;
			knownRegions = (
				en,
				Base,
			);
			mainGroup = 69936E992668B59C002418B9;
			productRefGroup = 69936EA32668B59C002418B9 /* Products */;
			projectDirPath = "";
			projectRoot = "";
			targets = (
				69936EA12668B59C002418B9 /* MeetHourSDKTest */,
				69936EC42668BBF4002418B9 /* MeetHour Broadcast Extension */,
			);
		};
/* End PBXProject section */

/* Begin PBXResourcesBuildPhase section */
		69936EA02668B59C002418B9 /* Resources */ = {
			isa = PBXResourcesBuildPhase;
			buildActionMask = 2147483647;
			files = (
				69936EB52668B59E002418B9 /* LaunchScreen.storyboard in Resources */,
				69936EB22668B59E002418B9 /* Assets.xcassets in Resources */,
				69936EB02668B59C002418B9 /* Main.storyboard in Resources */,
			);
			runOnlyForDeploymentPostprocessing = 0;
		};
		69936EC32668BBF4002418B9 /* Resources */ = {
			isa = PBXResourcesBuildPhase;
			buildActionMask = 2147483647;
			files = (
			);
			runOnlyForDeploymentPostprocessing = 0;
		};
/* End PBXResourcesBuildPhase section */

/* Begin PBXShellScriptBuildPhase section */
		488491460FAFFDE30E558851 /* [CP] Check Pods Manifest.lock */ = {
			isa = PBXShellScriptBuildPhase;
			buildActionMask = 2147483647;
			files = (
			);
			inputFileListPaths = (
			);
			inputPaths = (
				"${PODS_PODFILE_DIR_PATH}/Podfile.lock",
				"${PODS_ROOT}/Manifest.lock",
			);
			name = "[CP] Check Pods Manifest.lock";
			outputFileListPaths = (
			);
			outputPaths = (
				"$(DERIVED_FILE_DIR)/Pods-MeetHourSDKTest-checkManifestLockResult.txt",
			);
			runOnlyForDeploymentPostprocessing = 0;
			shellPath = /bin/sh;
			shellScript = "diff \"${PODS_PODFILE_DIR_PATH}/Podfile.lock\" \"${PODS_ROOT}/Manifest.lock\" > /dev/null\nif [ $? != 0 ] ; then\n    # print error to STDERR\n    echo \"error: The sandbox is not in sync with the Podfile.lock. Run 'pod install' or update your CocoaPods installation.\" >&2\n    exit 1\nfi\n# This output is used by Xcode 'outputs' to avoid re-running this script phase.\necho \"SUCCESS\" > \"${SCRIPT_OUTPUT_FILE_0}\"\n";
			showEnvVarsInLog = 0;
		};
		9AEB61AC1F22E36C81DA5C81 /* [CP] Embed Pods Frameworks */ = {
			isa = PBXShellScriptBuildPhase;
			buildActionMask = 2147483647;
			files = (
			);
			inputFileListPaths = (
				"${PODS_ROOT}/Target Support Files/Pods-MeetHourSDKTest/Pods-MeetHourSDKTest-frameworks-${CONFIGURATION}-input-files.xcfilelist",
			);
			name = "[CP] Embed Pods Frameworks";
			outputFileListPaths = (
				"${PODS_ROOT}/Target Support Files/Pods-MeetHourSDKTest/Pods-MeetHourSDKTest-frameworks-${CONFIGURATION}-output-files.xcfilelist",
			);
			runOnlyForDeploymentPostprocessing = 0;
			shellPath = /bin/sh;
			shellScript = "\"${PODS_ROOT}/Target Support Files/Pods-MeetHourSDKTest/Pods-MeetHourSDKTest-frameworks.sh\"\n";
			showEnvVarsInLog = 0;
		};
/* End PBXShellScriptBuildPhase section */

/* Begin PBXSourcesBuildPhase section */
		69936E9E2668B59C002418B9 /* Sources */ = {
			isa = PBXSourcesBuildPhase;
			buildActionMask = 2147483647;
			files = (
				69936EAD2668B59C002418B9 /* ViewController.m in Sources */,
				69936EA72668B59C002418B9 /* AppDelegate.m in Sources */,
				69B6A8D826690E3C00E9CCFC /* MHTextField.m in Sources */,
				69936EC02668B75E002418B9 /* ConferenceViewController.m in Sources */,
				69936EB82668B59E002418B9 /* main.m in Sources */,
				69936EAA2668B59C002418B9 /* SceneDelegate.m in Sources */,
			);
			runOnlyForDeploymentPostprocessing = 0;
		};
		69936EC12668BBF4002418B9 /* Sources */ = {
			isa = PBXSourcesBuildPhase;
			buildActionMask = 2147483647;
			files = (
				69936EDC2668BD1B002418B9 /* DarwinNotificationCenter.m in Sources */,
				69936ECB2668BBF4002418B9 /* SampleHandler.m in Sources */,
				69936EDE2668BD1B002418B9 /* SocketConnection.m in Sources */,
				69936EDD2668BD1B002418B9 /* SampleUploader.m in Sources */,
			);
			runOnlyForDeploymentPostprocessing = 0;
		};
/* End PBXSourcesBuildPhase section */

/* Begin PBXTargetDependency section */
		69936ECE2668BBF4002418B9 /* PBXTargetDependency */ = {
			isa = PBXTargetDependency;
			target = 69936EC42668BBF4002418B9 /* MeetHour Broadcast Extension */;
			targetProxy = 69936ECD2668BBF4002418B9 /* PBXContainerItemProxy */;
		};
/* End PBXTargetDependency section */

/* Begin PBXVariantGroup section */
		69936EAE2668B59C002418B9 /* Main.storyboard */ = {
			isa = PBXVariantGroup;
			children = (
				69936EAF2668B59C002418B9 /* Base */,
			);
			name = Main.storyboard;
			sourceTree = "<group>";
		};
		69936EB32668B59E002418B9 /* LaunchScreen.storyboard */ = {
			isa = PBXVariantGroup;
			children = (
				69936EB42668B59E002418B9 /* Base */,
			);
			name = LaunchScreen.storyboard;
			sourceTree = "<group>";
		};
/* End PBXVariantGroup section */

/* Begin XCBuildConfiguration section */
		69936EB92668B59E002418B9 /* Debug */ = {
			isa = XCBuildConfiguration;
			buildSettings = {
				ALWAYS_SEARCH_USER_PATHS = NO;
				CLANG_ANALYZER_NONNULL = YES;
				CLANG_ANALYZER_NUMBER_OBJECT_CONVERSION = YES_AGGRESSIVE;
				CLANG_CXX_LANGUAGE_STANDARD = "gnu++14";
				CLANG_CXX_LIBRARY = "libc++";
				CLANG_ENABLE_MODULES = YES;
				CLANG_ENABLE_OBJC_ARC = YES;
				CLANG_ENABLE_OBJC_WEAK = YES;
				CLANG_WARN_BLOCK_CAPTURE_AUTORELEASING = YES;
				CLANG_WARN_BOOL_CONVERSION = YES;
				CLANG_WARN_COMMA = YES;
				CLANG_WARN_CONSTANT_CONVERSION = YES;
				CLANG_WARN_DEPRECATED_OBJC_IMPLEMENTATIONS = YES;
				CLANG_WARN_DIRECT_OBJC_ISA_USAGE = YES_ERROR;
				CLANG_WARN_DOCUMENTATION_COMMENTS = YES;
				CLANG_WARN_EMPTY_BODY = YES;
				CLANG_WARN_ENUM_CONVERSION = YES;
				CLANG_WARN_INFINITE_RECURSION = YES;
				CLANG_WARN_INT_CONVERSION = YES;
				CLANG_WARN_NON_LITERAL_NULL_CONVERSION = YES;
				CLANG_WARN_OBJC_IMPLICIT_RETAIN_SELF = YES;
				CLANG_WARN_OBJC_LITERAL_CONVERSION = YES;
				CLANG_WARN_OBJC_ROOT_CLASS = YES_ERROR;
				CLANG_WARN_QUOTED_INCLUDE_IN_FRAMEWORK_HEADER = YES;
				CLANG_WARN_RANGE_LOOP_ANALYSIS = YES;
				CLANG_WARN_STRICT_PROTOTYPES = YES;
				CLANG_WARN_SUSPICIOUS_MOVE = YES;
				CLANG_WARN_UNGUARDED_AVAILABILITY = YES_AGGRESSIVE;
				CLANG_WARN_UNREACHABLE_CODE = YES;
				CLANG_WARN__DUPLICATE_METHOD_MATCH = YES;
				COPY_PHASE_STRIP = NO;
				DEBUG_INFORMATION_FORMAT = dwarf;
				ENABLE_STRICT_OBJC_MSGSEND = YES;
				ENABLE_TESTABILITY = YES;
				GCC_C_LANGUAGE_STANDARD = gnu11;
				GCC_DYNAMIC_NO_PIC = NO;
				GCC_NO_COMMON_BLOCKS = YES;
				GCC_OPTIMIZATION_LEVEL = 0;
				GCC_PREPROCESSOR_DEFINITIONS = (
					"DEBUG=1",
					"$(inherited)",
				);
				GCC_WARN_64_TO_32_BIT_CONVERSION = YES;
				GCC_WARN_ABOUT_RETURN_TYPE = YES_ERROR;
				GCC_WARN_UNDECLARED_SELECTOR = YES;
				GCC_WARN_UNINITIALIZED_AUTOS = YES_AGGRESSIVE;
				GCC_WARN_UNUSED_FUNCTION = YES;
				GCC_WARN_UNUSED_VARIABLE = YES;
				IPHONEOS_DEPLOYMENT_TARGET = 14.5;
				MTL_ENABLE_DEBUG_INFO = INCLUDE_SOURCE;
				MTL_FAST_MATH = YES;
				ONLY_ACTIVE_ARCH = YES;
				SDKROOT = iphoneos;
			};
			name = Debug;
		};
		69936EBA2668B59E002418B9 /* Release */ = {
			isa = XCBuildConfiguration;
			buildSettings = {
				ALWAYS_SEARCH_USER_PATHS = NO;
				CLANG_ANALYZER_NONNULL = YES;
				CLANG_ANALYZER_NUMBER_OBJECT_CONVERSION = YES_AGGRESSIVE;
				CLANG_CXX_LANGUAGE_STANDARD = "gnu++14";
				CLANG_CXX_LIBRARY = "libc++";
				CLANG_ENABLE_MODULES = YES;
				CLANG_ENABLE_OBJC_ARC = YES;
				CLANG_ENABLE_OBJC_WEAK = YES;
				CLANG_WARN_BLOCK_CAPTURE_AUTORELEASING = YES;
				CLANG_WARN_BOOL_CONVERSION = YES;
				CLANG_WARN_COMMA = YES;
				CLANG_WARN_CONSTANT_CONVERSION = YES;
				CLANG_WARN_DEPRECATED_OBJC_IMPLEMENTATIONS = YES;
				CLANG_WARN_DIRECT_OBJC_ISA_USAGE = YES_ERROR;
				CLANG_WARN_DOCUMENTATION_COMMENTS = YES;
				CLANG_WARN_EMPTY_BODY = YES;
				CLANG_WARN_ENUM_CONVERSION = YES;
				CLANG_WARN_INFINITE_RECURSION = YES;
				CLANG_WARN_INT_CONVERSION = YES;
				CLANG_WARN_NON_LITERAL_NULL_CONVERSION = YES;
				CLANG_WARN_OBJC_IMPLICIT_RETAIN_SELF = YES;
				CLANG_WARN_OBJC_LITERAL_CONVERSION = YES;
				CLANG_WARN_OBJC_ROOT_CLASS = YES_ERROR;
				CLANG_WARN_QUOTED_INCLUDE_IN_FRAMEWORK_HEADER = YES;
				CLANG_WARN_RANGE_LOOP_ANALYSIS = YES;
				CLANG_WARN_STRICT_PROTOTYPES = YES;
				CLANG_WARN_SUSPICIOUS_MOVE = YES;
				CLANG_WARN_UNGUARDED_AVAILABILITY = YES_AGGRESSIVE;
				CLANG_WARN_UNREACHABLE_CODE = YES;
				CLANG_WARN__DUPLICATE_METHOD_MATCH = YES;
				COPY_PHASE_STRIP = NO;
				DEBUG_INFORMATION_FORMAT = "dwarf-with-dsym";
				ENABLE_NS_ASSERTIONS = NO;
				ENABLE_STRICT_OBJC_MSGSEND = YES;
				GCC_C_LANGUAGE_STANDARD = gnu11;
				GCC_NO_COMMON_BLOCKS = YES;
				GCC_WARN_64_TO_32_BIT_CONVERSION = YES;
				GCC_WARN_ABOUT_RETURN_TYPE = YES_ERROR;
				GCC_WARN_UNDECLARED_SELECTOR = YES;
				GCC_WARN_UNINITIALIZED_AUTOS = YES_AGGRESSIVE;
				GCC_WARN_UNUSED_FUNCTION = YES;
				GCC_WARN_UNUSED_VARIABLE = YES;
				IPHONEOS_DEPLOYMENT_TARGET = 14.5;
				MTL_ENABLE_DEBUG_INFO = NO;
				MTL_FAST_MATH = YES;
				SDKROOT = iphoneos;
				VALIDATE_PRODUCT = YES;
			};
			name = Release;
		};
		69936EBC2668B59E002418B9 /* Debug */ = {
			isa = XCBuildConfiguration;
			baseConfigurationReference = 3B6E3F2D85E5BF49ED6110A6 /* Pods-MeetHourSDKTest.debug.xcconfig */;
			buildSettings = {
				ASSETCATALOG_COMPILER_APPICON_NAME = AppIcon;
				ASSETCATALOG_COMPILER_GLOBAL_ACCENT_COLOR_NAME = AccentColor;
				CODE_SIGN_ENTITLEMENTS = MeetHourSDKTest.entitlements;
				CODE_SIGN_IDENTITY = "Apple Development: Shukoor Ahmed (836GE6BLFW)";
				CODE_SIGN_STYLE = Manual;
				DEVELOPMENT_TEAM = 7AAZ3ZK627;
				ENABLE_BITCODE = NO;
				INFOPLIST_FILE = MeetHourSDKTest/Info.plist;
				IPHONEOS_DEPLOYMENT_TARGET = 13.0;
				LD_RUNPATH_SEARCH_PATHS = (
					"$(inherited)",
					"@executable_path/Frameworks",
				);
				PRODUCT_BUNDLE_IDENTIFIER = go.meethour.io.ios.sdk;
				PRODUCT_NAME = "$(TARGET_NAME)";
				PROVISIONING_PROFILE_SPECIFIER = MeetHourTestSDK;
				TARGETED_DEVICE_FAMILY = "1,2";
			};
			name = Debug;
		};
		69936EBD2668B59E002418B9 /* Release */ = {
			isa = XCBuildConfiguration;
			baseConfigurationReference = 5254C9DCEC1B9E129F9F4EB5 /* Pods-MeetHourSDKTest.release.xcconfig */;
			buildSettings = {
				ASSETCATALOG_COMPILER_APPICON_NAME = AppIcon;
				ASSETCATALOG_COMPILER_GLOBAL_ACCENT_COLOR_NAME = AccentColor;
				CODE_SIGN_ENTITLEMENTS = MeetHourSDKTest.entitlements;
				CODE_SIGN_IDENTITY = "Apple Development: Shukoor Ahmed (836GE6BLFW)";
				CODE_SIGN_STYLE = Manual;
				DEVELOPMENT_TEAM = 7AAZ3ZK627;
				ENABLE_BITCODE = NO;
				INFOPLIST_FILE = MeetHourSDKTest/Info.plist;
				IPHONEOS_DEPLOYMENT_TARGET = 13.0;
				LD_RUNPATH_SEARCH_PATHS = (
					"$(inherited)",
					"@executable_path/Frameworks",
				);
				PRODUCT_BUNDLE_IDENTIFIER = go.meethour.io.ios.sdk;
				PRODUCT_NAME = "$(TARGET_NAME)";
				PROVISIONING_PROFILE_SPECIFIER = MeetHourTestSDK;
				TARGETED_DEVICE_FAMILY = "1,2";
			};
			name = Release;
		};
		69936ED12668BBF4002418B9 /* Debug */ = {
			isa = XCBuildConfiguration;
			buildSettings = {
				CODE_SIGN_ENTITLEMENTS = "MeetHour Broadcast Extension/MeetHour Broadcast Extension.entitlements";
				CODE_SIGN_IDENTITY = "iPhone Developer";
				CODE_SIGN_STYLE = Manual;
				DEVELOPMENT_TEAM = 7AAZ3ZK627;
				INFOPLIST_FILE = "MeetHour Broadcast Extension/Info.plist";
				IPHONEOS_DEPLOYMENT_TARGET = 13.0;
				LD_RUNPATH_SEARCH_PATHS = (
					"$(inherited)",
					"@executable_path/Frameworks",
					"@executable_path/../../Frameworks",
				);
				PRODUCT_BUNDLE_IDENTIFIER = go.meethour.io.ios.sdk.broadextension;
				PRODUCT_NAME = "$(TARGET_NAME)";
				PROVISIONING_PROFILE_SPECIFIER = "MeetHour Test SDK BroadCast Extension";
				SKIP_INSTALL = YES;
				TARGETED_DEVICE_FAMILY = "1,2";
			};
			name = Debug;
		};
		69936ED22668BBF4002418B9 /* Release */ = {
			isa = XCBuildConfiguration;
			buildSettings = {
				CODE_SIGN_ENTITLEMENTS = "MeetHour Broadcast Extension/MeetHour Broadcast Extension.entitlements";
				CODE_SIGN_IDENTITY = "iPhone Developer";
				CODE_SIGN_STYLE = Manual;
				DEVELOPMENT_TEAM = 7AAZ3ZK627;
				INFOPLIST_FILE = "MeetHour Broadcast Extension/Info.plist";
				IPHONEOS_DEPLOYMENT_TARGET = 13.0;
				LD_RUNPATH_SEARCH_PATHS = (
					"$(inherited)",
					"@executable_path/Frameworks",
					"@executable_path/../../Frameworks",
				);
				PRODUCT_BUNDLE_IDENTIFIER = go.meethour.io.ios.sdk.broadextension;
				PRODUCT_NAME = "$(TARGET_NAME)";
				PROVISIONING_PROFILE_SPECIFIER = "MeetHour Test SDK BroadCast Extension";
				SKIP_INSTALL = YES;
				TARGETED_DEVICE_FAMILY = "1,2";
			};
			name = Release;
		};
/* End XCBuildConfiguration section */

/* Begin XCConfigurationList section */
		69936E9D2668B59C002418B9 /* Build configuration list for PBXProject "MeetHourSDKTest" */ = {
			isa = XCConfigurationList;
			buildConfigurations = (
				69936EB92668B59E002418B9 /* Debug */,
				69936EBA2668B59E002418B9 /* Release */,
			);
			defaultConfigurationIsVisible = 0;
			defaultConfigurationName = Release;
		};
		69936EBB2668B59E002418B9 /* Build configuration list for PBXNativeTarget "MeetHourSDKTest" */ = {
			isa = XCConfigurationList;
			buildConfigurations = (
				69936EBC2668B59E002418B9 /* Debug */,
				69936EBD2668B59E002418B9 /* Release */,
			);
			defaultConfigurationIsVisible = 0;
			defaultConfigurationName = Release;
		};
		69936ED02668BBF4002418B9 /* Build configuration list for PBXNativeTarget "MeetHour Broadcast Extension" */ = {
			isa = XCConfigurationList;
			buildConfigurations = (
				69936ED12668BBF4002418B9 /* Debug */,
				69936ED22668BBF4002418B9 /* Release */,
			);
			defaultConfigurationIsVisible = 0;
			defaultConfigurationName = Release;
		};
/* End XCConfigurationList section */
	};
	rootObject = 69936E9A2668B59C002418B9 /* Project object */;
}
