PODS:
  - Flutter (1.0.0)
  - flutter_native_timezone (0.0.1):
    - Flutter
  - Giphy (2.2.12):
    - libwebp
  - libwebp (1.5.0):
    - libwebp/demux (= 1.5.0)
    - libwebp/mux (= 1.5.0)
    - libwebp/sharpyuv (= 1.5.0)
    - libwebp/webp (= 1.5.0)
  - libwebp/demux (1.5.0):
    - libwebp/webp
  - libwebp/mux (1.5.0):
    - libwebp/demux
  - libwebp/sharpyuv (1.5.0)
  - libwebp/webp (1.5.0):
    - libwebp/sharpyuv
  - meet_hour (0.0.1):
    - Flutter
    - MeetHourSDK (= 5.0.12)
  - MeetHourSDK (5.0.12):
    - Giphy (= 2.2.12)
  - shared_preferences_foundation (0.0.1):
    - Flutter
    - FlutterMacOS

DEPENDENCIES:
  - Flutter (from `Flutter`)
  - flutter_native_timezone (from `.symlinks/plugins/flutter_native_timezone/ios`)
  - meet_hour (from `.symlinks/plugins/meet_hour/ios`)
  - shared_preferences_foundation (from `.symlinks/plugins/shared_preferences_foundation/darwin`)

SPEC REPOS:
  trunk:
    - Giphy
    - libwebp
    - MeetHourSDK

EXTERNAL SOURCES:
  Flutter:
    :path: Flutter
  flutter_native_timezone:
    :path: ".symlinks/plugins/flutter_native_timezone/ios"
  meet_hour:
    :path: ".symlinks/plugins/meet_hour/ios"
  shared_preferences_foundation:
    :path: ".symlinks/plugins/shared_preferences_foundation/darwin"

SPEC CHECKSUMS:
  Flutter: e0871f40cf51350855a761d2e70bf5af5b9b5de7
  flutter_native_timezone: 5fe32678d72d1894880e94303ef41c2919f014e5
  Giphy: 83628960ed04e1c3428ff1b4fb2b027f65e82f50
  libwebp: 02b23773aedb6ff1fd38cec7a77b81414c6842a8
  meet_hour: 8f2658062de2893de3f303e3bec6226b5735eddd
  MeetHourSDK: c34dab40934dbe2ef178cb83f1eaf9f803439aca
  shared_preferences_foundation: 9e1978ff2562383bd5676f64ec4e9aa8fa06a6f7

PODFILE CHECKSUM: 9d05885b4a80dd7f78f731481ae159d8aeb35f43

COCOAPODS: 1.16.2
