PODS:
  - Giphy (2.2.12):
    - libwebp
  - libwebp (1.5.0):
    - libwebp/demux (= 1.5.0)
    - libwebp/mux (= 1.5.0)
    - libwebp/sharpyuv (= 1.5.0)
    - libwebp/webp (= 1.5.0)
  - libwebp/demux (1.5.0):
    - libwebp/webp
  - libwebp/mux (1.5.0):
    - libwebp/demux
  - libwebp/sharpyuv (1.5.0)
  - libwebp/webp (1.5.0):
    - libwebp/sharpyuv
  - MeetHourSDK (4.6.1):
    - Giphy (= 2.2.12)

DEPENDENCIES:
  - MeetHourSDK (~> 4.6.1)

SPEC REPOS:
  trunk:
    - Giphy
    - libwebp
    - MeetHourSDK

SPEC CHECKSUMS:
  Giphy: 83628960ed04e1c3428ff1b4fb2b027f65e82f50
  libwebp: 02b23773aedb6ff1fd38cec7a77b81414c6842a8
  MeetHourSDK: 0067d70647111238128611a1c11ef79a3d788b99

PODFILE CHECKSUM: e05aa4e58de6c3faef1bd47d630d884b022d9b78

COCOAPODS: 1.16.2
