PODS:
  - Giphy (2.2.12):
    - libwebp
  - libwebp (1.6.0):
    - libwebp/demux (= 1.6.0)
    - libwebp/mux (= 1.6.0)
    - libwebp/sharpyuv (= 1.6.0)
    - libwebp/webp (= 1.6.0)
  - libwebp/demux (1.6.0):
    - libwebp/webp
  - libwebp/mux (1.6.0):
    - libwebp/demux
  - libwebp/sharpyuv (1.6.0)
  - libwebp/webp (1.6.0):
    - libwebp/sharpyuv
  - MeetHourSDK (5.0.25):
    - MeetHourSDK/Native (= 5.0.25)
  - MeetHourSDK/Native (5.0.25):
    - Giphy (= 2.2.12)

DEPENDENCIES:
  - MeetHourSDK (~> 5.0.25)

SPEC REPOS:
  trunk:
    - Giphy
    - libwebp
    - MeetHourSDK

SPEC CHECKSUMS:
  Giphy: 83628960ed04e1c3428ff1b4fb2b027f65e82f50
  libwebp: af5937a13536ef73f3784d69cc342b98961acf33
  MeetHourSDK: 5cb177ebb4c782a133ae882c92543c7c2ac3cf65

PODFILE CHECKSUM: ff853d70bb62c2f7aa8bbcf2ac58a5d3c890ed03

COCOAPODS: 1.17.0
